version = 1
revision = 3
requires-python = ">=3.12, <3.14"

[[package]]
name = "hidapi"
version = "0.15.0"
source = { registry = "https://pypi.org/simple" }
sdist = { url = "https://files.pythonhosted.org/packages/74/f6/caad9ed701fbb9223eb9e0b41a5514390769b4cb3084a2704ab69e9df0fe/hidapi-0.15.0.tar.gz", hash = "sha256:ecbc265cbe8b7b88755f421e0ba25f084091ec550c2b90ff9e8ddd4fcd540311", size = 184995, upload-time = "2025-12-09T09:48:54.129Z" }
wheels = [
    { url = "https://files.pythonhosted.org/packages/b3/fd/9076aba0736f339b71bda5ee26cb678c02420bf96c7ea5bd9ebcbaf0aa3c/hidapi-0.15.0-cp312-cp312-macosx_10_13_x86_64.whl", hash = "sha256:0b7eb950214191c936b5bdabaeaf1cab99c0dfc3ae3edc220e3c6d4547296053", size = 70157, upload-time = "2025-12-09T09:45:25.77Z" },
    { url = "https://files.pythonhosted.org/packages/4e/9c/9335957cb7e1ca1be997e97afe850f62a9ff0708015048b3871b553eed5c/hidapi-0.15.0-cp312-cp312-macosx_11_0_arm64.whl", hash = "sha256:27933e7f3da7007e5e8d0b25bcf48a79a74e802555e496bba2c7d87f8a77cd61", size = 69597, upload-time = "2025-12-09T09:45:26.707Z" },
    { url = "https://files.pythonhosted.org/packages/de/bc/0eb92f4f238adc8edc3decb859662cf87e302b0a6ecdabe0e4d0560eb5fd/hidapi-0.15.0-cp312-cp312-manylinux2014_x86_64.manylinux_2_17_x86_64.whl", hash = "sha256:cfdbc74d5c4b5fdeef58a246d80f7dbf4ca33fe741c889505a4a350dd2eb54fb", size = 1082139, upload-time = "2025-12-09T09:45:32.799Z" },
    { url = "https://files.pythonhosted.org/packages/03/04/856827cfecaa89091ed470f697e3f9cfb172fc852960e6b902e765d7d650/hidapi-0.15.0-cp312-cp312-manylinux_2_28_aarch64.whl", hash = "sha256:4b7b6207c1c7df3524e9d4019c7196547327636e9924010b9b0bf0c40029e329", size = 1620074, upload-time = "2025-12-09T09:45:28.573Z" },
    { url = "https://files.pythonhosted.org/packages/fa/63/1338cf0e273d95e07202e391b17198f27bd2cfef71348707eac98cd8db2b/hidapi-0.15.0-cp312-cp312-manylinux_2_28_i686.whl", hash = "sha256:908e4b8c35041aa800b51094fd9fbaa5d6161bfb71e55821f43c6433f54e2865", size = 1689689, upload-time = "2025-12-09T09:45:31.195Z" },
    { url = "https://files.pythonhosted.org/packages/84/08/28ce99698e14bb6bdf9d0dcf7ab45ab86d8bade894885aa15bb3fa43bcc1/hidapi-0.15.0-cp312-cp312-musllinux_1_2_aarch64.whl", hash = "sha256:f9356fffebf723ccfbf0f9370d3725de37b3e2f1f6bffc40c3466f854542861c", size = 713596, upload-time = "2025-12-09T09:45:34.564Z" },
    { url = "https://files.pythonhosted.org/packages/a5/16/23e446e2d0ad0d75de149d94f8e6313329aec4d7c18d027e56f5a386779e/hidapi-0.15.0-cp312-cp312-musllinux_1_2_i686.whl", hash = "sha256:fd082e13ca92bbd7a4ec65d9fbd9ef06ecd71798ce9f036b7144b3d498623a7e", size = 697243, upload-time = "2025-12-09T09:45:36.537Z" },
    { url = "https://files.pythonhosted.org/packages/af/ef/e2fa4d795235eb09951f806bbfdbd766d1be805df448d67918e828b7cb31/hidapi-0.15.0-cp312-cp312-musllinux_1_2_x86_64.whl", hash = "sha256:35eb5797d86306bd67aee80ad8973ab0a0b4e6d54018d3efb328767d0e8c9373", size = 717599, upload-time = "2025-12-09T09:45:37.825Z" },
    { url = "https://files.pythonhosted.org/packages/e7/a7/9b7fe9acd09ed90d702f8cc01190ab53e01d5022c21808b079144bc9017d/hidapi-0.15.0-cp312-cp312-win32.whl", hash = "sha256:ce6f99554dae15c48cd89a12d5aede77a92a8bd184b45d0b257a17c97e053cdb", size = 60136, upload-time = "2025-12-09T09:45:40.612Z" },
    { url = "https://files.pythonhosted.org/packages/7f/35/f9e2d3ead60b573140546b041dd41c78a48c0e6b573d61a03130adccd32e/hidapi-0.15.0-cp312-cp312-win_amd64.whl", hash = "sha256:9abc71a62bf8a8f1d70a6fd3613f86feb37ddb67e05ed934e734df79e27bf4f6", size = 67073, upload-time = "2025-12-09T09:45:39.261Z" },
    { url = "https://files.pythonhosted.org/packages/d1/19/bda2dce4af8b8028e6d611d5caf60e223a4d32a638d1155eefdc6d8f2462/hidapi-0.15.0-cp313-cp313-macosx_10_13_x86_64.whl", hash = "sha256:f336dd2dc308928d54a6fdce137814a941a3633ad6722919d7a3142dd99005c2", size = 69045, upload-time = "2025-12-09T09:45:41.534Z" },
    { url = "https://files.pythonhosted.org/packages/1b/18/9b7d6b6a7561654b9b0d7b22fba9c5c971b36f5fc541b04e02d71928349d/hidapi-0.15.0-cp313-cp313-macosx_11_0_arm64.whl", hash = "sha256:8017f2213810c3e57d9ab64c2328c593a1129b25804240108a6451fe35cde193", size = 68755, upload-time = "2025-12-09T09:45:42.464Z" },
    { url = "https://files.pythonhosted.org/packages/f1/b0/f144cee5ce9e45518d234fd07c7a4f9a66de3a78ed42bf9f3f4083165e10/hidapi-0.15.0-cp313-cp313-manylinux2014_x86_64.manylinux_2_17_x86_64.whl", hash = "sha256:208c7fc89f78c3448d55957c3e12893778aa91218ed7dc22697e554f091fe4fe", size = 1072286, upload-time = "2025-12-09T09:45:47.236Z" },
    { url = "https://files.pythonhosted.org/packages/47/bf/7fee015cc48b719bd40c6416f65084a900e7889f0cf52fcfedb9be107b10/hidapi-0.15.0-cp313-cp313-manylinux_2_28_aarch64.whl", hash = "sha256:90f8bd963ae43a44036af5d689d090fab0e3eb52861186e4d2b863dd910a2726", size = 1609789, upload-time = "2025-12-09T09:45:44.112Z" },
    { url = "https://files.pythonhosted.org/packages/d3/b6/ac33532711c2ecda5a22d8b2db3223c8a13f16db6d2793ee73a809cca5b6/hidapi-0.15.0-cp313-cp313-manylinux_2_28_i686.whl", hash = "sha256:cd6edc7af885755163f4ffb29639c14f8a4ad5cca13ed641e47aa11f9646d8b6", size = 1680636, upload-time = "2025-12-09T09:45:45.67Z" },
    { url = "https://files.pythonhosted.org/packages/a3/e1/5b4426b8a77f9efbef70c0dbc1d64602d36ea8878f76c3607959901c978c/hidapi-0.15.0-cp313-cp313-musllinux_1_2_aarch64.whl", hash = "sha256:6ef0f80b2ff32ba446c9a2d4bfca6623ab5f0c05d742a0161ea1f7af2dc33b12", size = 708617, upload-time = "2025-12-09T09:45:48.874Z" },
    { url = "https://files.pythonhosted.org/packages/bb/a6/1ecdadc3e19f6755eed40f2111f447ec071e3d4f5f4f99b95d26a6d67219/hidapi-0.15.0-cp313-cp313-musllinux_1_2_i686.whl", hash = "sha256:6106d10873c1e465a2764e979fb96ec0d16bb926eedac829310830f90816cc76", size = 689589, upload-time = "2025-12-09T09:45:50.328Z" },
    { url = "https://files.pythonhosted.org/packages/d6/02/579af4220acdde5ab76d091edaa92f62e110f89131a56b11856f77779607/hidapi-0.15.0-cp313-cp313-musllinux_1_2_x86_64.whl", hash = "sha256:4f7a710df215ea3b53a81029488f78e7303b83f01a2e8478db20d7c9756588dd", size = 710213, upload-time = "2025-12-09T09:45:51.747Z" },
    { url = "https://files.pythonhosted.org/packages/f9/c7/52f2d903a607f024086829349383dcc7f0c22533fc242f26f9754eba2f06/hidapi-0.15.0-cp313-cp313-win32.whl", hash = "sha256:e4ddb57e71e2b8aca2c685b94b8587dc7d7cfae3c529a7c4076ba0775eb28d4a", size = 59749, upload-time = "2025-12-09T09:45:53.882Z" },
    { url = "https://files.pythonhosted.org/packages/d9/00/7dd3f866a748b0c9eb4adedaa025ec8c533ed1946e9e918661c948a5c0f4/hidapi-0.15.0-cp313-cp313-win_amd64.whl", hash = "sha256:04e0c1ed6d742bc6e1d00599394bec6b2afb8ee2fc5a0a183d3c4c2d4e315c34", size = 66362, upload-time = "2025-12-09T09:45:52.797Z" },
]

[[package]]
name = "melee"
version = "0.47.2"
source = { registry = "https://pypi.org/simple" }
dependencies = [
    { name = "numpy" },
    { name = "packaging" },
    { name = "py-ubjson" },
    { name = "pyenet-vladfi" },
    { name = "pywin32", marker = "sys_platform == 'win32'" },
]
sdist = { url = "https://files.pythonhosted.org/packages/06/77/064873278616285837eb830c0e9aa68af2192bb957c1c8c313efd4e667f9/melee-0.47.2.tar.gz", hash = "sha256:062c53fee28717c0a089192269ca805c0d0b982af668832d2ffe34af1c1fa656", size = 588003, upload-time = "2026-04-04T17:50:59.333Z" }
wheels = [
    { url = "https://files.pythonhosted.org/packages/36/4e/8b5fa5f1027ea9cdb784cc86ea179deaece32938f92d49e8a5f755502607/melee-0.47.2-py3-none-any.whl", hash = "sha256:cdab9476ca66c6ec736dcc652386fc79767a88717b737b05f001ed0cfaae66c1", size = 629417, upload-time = "2026-04-04T17:50:56.711Z" },
]

[[package]]
name = "melee-macros"
version = "0.1.0"
source = { virtual = "." }
dependencies = [
    { name = "hidapi" },
    { name = "pygame" },
    { name = "pyyaml" },
]

[package.optional-dependencies]
libmelee = [
    { name = "melee" },
]

[package.metadata]
requires-dist = [
    { name = "hidapi", specifier = ">=0.14" },
    { name = "melee", marker = "extra == 'libmelee'", specifier = ">=0.38.0" },
    { name = "pygame", specifier = ">=2.6.1" },
    { name = "pyyaml", specifier = ">=6.0" },
]
provides-extras = ["libmelee"]

[[package]]
name = "numpy"
version = "2.4.6"
source = { registry = "https://pypi.org/simple" }
sdist = { url = "https://files.pythonhosted.org/packages/d0/ad/fed0499ce6a338d2a03ebae59cd15093910c8875328855781952abf6c2fe/numpy-2.4.6.tar.gz", hash = "sha256:f3a3570c4a2a16746ac2c31a7c7c7b0c186b95ce902e33db6f28094ed7387dda", size = 20735807, upload-time = "2026-05-18T23:37:14.07Z" }
wheels = [
    { url = "https://files.pythonhosted.org/packages/95/2a/3d7b5ac8aac24feaf9ad7ed58f45b0bbc06d37e4338ae84c9f2298b570f9/numpy-2.4.6-cp312-cp312-macosx_10_13_x86_64.whl", hash = "sha256:001fbb8e08d942dd57599e781f2472269ee7f2755fae407b4f67b2f0b17da3f1", size = 16689119, upload-time = "2026-05-18T23:33:54.065Z" },
    { url = "https://files.pythonhosted.org/packages/ea/12/92c4c131527599e8288d6918e888d88726f84d805d784b771f32408aeaef/numpy-2.4.6-cp312-cp312-macosx_11_0_arm64.whl", hash = "sha256:ebfb099f8dcf083deef3ac1ca4c1503f387cf76296fcb3816b66f5ecb5f54fdb", size = 14699246, upload-time = "2026-05-18T23:33:57.621Z" },
    { url = "https://files.pythonhosted.org/packages/ad/fe/c0a6b7b2ca128a8fb228575147073b660656734b8ebe4d76c8fd748dcc79/numpy-2.4.6-cp312-cp312-macosx_14_0_arm64.whl", hash = "sha256:3213d622a0283a39a93d188f3cf72b26862df52fbb4ca3697f51705016523d41", size = 5204410, upload-time = "2026-05-18T23:34:00.302Z" },
    { url = "https://files.pythonhosted.org/packages/f3/d4/9770d14ba719432bb90a421bfd443872ed0f70f7264b64bec12ea363d5fd/numpy-2.4.6-cp312-cp312-macosx_14_0_x86_64.whl", hash = "sha256:357cc07a6d7b0b182ff02249616a03742827ebb1277546b5c7cd7f7620a45698", size = 6551240, upload-time = "2026-05-18T23:34:02.852Z" },
    { url = "https://files.pythonhosted.org/packages/c9/c6/50a46a6205feba2343f1d6d17438107c5dc491ed1c736e6ea68689fd906b/numpy-2.4.6-cp312-cp312-manylinux_2_27_aarch64.manylinux_2_28_aarch64.whl", hash = "sha256:5f9fb9157b4ce2971008323afe46053787b526ef624fea915b261468a8421a0f", size = 15671012, upload-time = "2026-05-18T23:34:05.485Z" },
    { url = "https://files.pythonhosted.org/packages/99/60/14115e6364fa676c5397c2ad3004e527e9aa487abf5d0706ec81bbd08529/numpy-2.4.6-cp312-cp312-manylinux_2_27_x86_64.manylinux_2_28_x86_64.whl", hash = "sha256:90f9849678c75fe7afa2d348ac842c168b0a4d3d61919687216dfc547976d853", size = 16645538, upload-time = "2026-05-18T23:34:09.265Z" },
    { url = "https://files.pythonhosted.org/packages/ae/c5/693cbe59e57db94d2231fa519ca3978dc9e19da5a8f088588f5c6e947ff2/numpy-2.4.6-cp312-cp312-musllinux_1_2_aarch64.whl", hash = "sha256:c1a2af6c6ef86344a6b0db6b97834208bf598db514f2b155042439b62605601a", size = 17020706, upload-time = "2026-05-18T23:34:13.053Z" },
    { url = "https://files.pythonhosted.org/packages/ef/fc/85b7c4eff9b4966ade25c2273cf7e7012e92366c032058653934b37de044/numpy-2.4.6-cp312-cp312-musllinux_1_2_x86_64.whl", hash = "sha256:e5805d5a22fd19c8ccff10a9561f9df94436b0545619ea579db2d3c35294bce2", size = 18368541, upload-time = "2026-05-18T23:34:17.024Z" },
    { url = "https://files.pythonhosted.org/packages/f6/81/e1b27545deedce7f4a0b348618c6b62d74e36a4dc9ccd42f3eb2f85eee32/numpy-2.4.6-cp312-cp312-win32.whl", hash = "sha256:e3eeb0aabd6bd5ce64faae67e9935203a6991b4bc2a485a767fbafb2c5125f45", size = 5962825, upload-time = "2026-05-18T23:34:20.3Z" },
    { url = "https://files.pythonhosted.org/packages/ab/ca/feab00bd44aa5fe1ad2c18f08b4d3bb92e26484b0b1d1443897809ed528c/numpy-2.4.6-cp312-cp312-win_amd64.whl", hash = "sha256:d8e8286dd7cea7895157318d1b91cdacac64c479f3cbc8dce548331728484751", size = 12321687, upload-time = "2026-05-18T23:34:23.095Z" },
    { url = "https://files.pythonhosted.org/packages/63/cf/5a6d34850a39d1093558564f77ee8e8e0bee5061151b8f05a55711001ec7/numpy-2.4.6-cp312-cp312-win_arm64.whl", hash = "sha256:4081eb135ac24158bd51cdfbef16f1c64df7063b1143f24731387137c092bec8", size = 10221482, upload-time = "2026-05-18T23:34:25.876Z" },
    { url = "https://files.pythonhosted.org/packages/fb/82/bdab26d7438c6791ca31b7c024ca37c1eab8b726ba236129005cd4a06e45/numpy-2.4.6-cp313-cp313-macosx_10_13_x86_64.whl", hash = "sha256:511dbaf848decaaaf4b4ca48032619fb3138710c4bf7da7617765edad1ef96b0", size = 16684648, upload-time = "2026-05-18T23:34:29.41Z" },
    { url = "https://files.pythonhosted.org/packages/1b/30/a80189bcc7f5e4258b3fbc3968d909d1756f54d023299ecc39ad6fdb9ef8/numpy-2.4.6-cp313-cp313-macosx_11_0_arm64.whl", hash = "sha256:bf162abab1c1a736333192707cef898e735a5ca00f38f27eeedf44b39d9e85eb", size = 14693902, upload-time = "2026-05-18T23:34:33.013Z" },
    { url = "https://files.pythonhosted.org/packages/97/12/70b5d0d7c15e1ebb8a6a84a8caa1d19e181d84fb58bb6d70aca29099dec1/numpy-2.4.6-cp313-cp313-macosx_14_0_arm64.whl", hash = "sha256:043191bfa8eab18c776647b62723ac9dddece59743b13f49b2016094129c2b3f", size = 5198992, upload-time = "2026-05-18T23:34:36.132Z" },
    { url = "https://files.pythonhosted.org/packages/ba/8c/ebd2a8f8a83541f8d38cc5667e8c2b69cecfd30da6e45693e8158857d44b/numpy-2.4.6-cp313-cp313-macosx_14_0_x86_64.whl", hash = "sha256:6180d8b35af935aed8ece3a85e0a43f87393ae0ac87c8d2c8bd2c993f7270ef3", size = 6546944, upload-time = "2026-05-18T23:34:38.484Z" },
    { url = "https://files.pythonhosted.org/packages/bb/c5/7b863a97a91671a0338f4253bd3b5a3d3852f0692dae91711c9f4a10e787/numpy-2.4.6-cp313-cp313-manylinux_2_27_aarch64.manylinux_2_28_aarch64.whl", hash = "sha256:72fbe16c6fac95aedf5937fa873445cec2110be35d8a4e9433d7501fd98dae6b", size = 15669392, upload-time = "2026-05-18T23:34:41.257Z" },
    { url = "https://files.pythonhosted.org/packages/a5/9d/3584b9984ca4c047aea75214ce1a4c4c73d849bd71b604264b7f5653f8a8/numpy-2.4.6-cp313-cp313-manylinux_2_27_x86_64.manylinux_2_28_x86_64.whl", hash = "sha256:a7830bab239b79cda9c08c2da014761cafb48da6150e1da17ac06283f43b6089", size = 16633220, upload-time = "2026-05-18T23:34:45.075Z" },
    { url = "https://files.pythonhosted.org/packages/05/ae/7c67fba23bd98caec7c99261f3a16072ade14813486b0282cb29846de832/numpy-2.4.6-cp313-cp313-musllinux_1_2_aarch64.whl", hash = "sha256:ef4aea96ce4d3b074422cb4f2f64e216bf9e213004bb58ecfdf50ea02ea8eb9a", size = 17020800, upload-time = "2026-05-18T23:34:49.065Z" },
    { url = "https://files.pythonhosted.org/packages/d9/5d/3b6725cb31d983c5e66916f5d36f6d7e5521129e4c4404d64f918292a5b6/numpy-2.4.6-cp313-cp313-musllinux_1_2_x86_64.whl", hash = "sha256:dfa20cc6ca228e6b155b11da03825975ce66aea520985dbbddf0f2a5a495c605", size = 18357600, upload-time = "2026-05-18T23:34:52.709Z" },
    { url = "https://files.pythonhosted.org/packages/f7/da/2ccc6c2fe8898dee01d90c75c5f5f914a23daf99e3e0f59516a08760c8b5/numpy-2.4.6-cp313-cp313-win32.whl", hash = "sha256:56b39e5e0622a09a25bf5baf62f4bcf0cb8a41ae6e2819cf49bbc5a74c083f91", size = 5961134, upload-time = "2026-05-18T23:34:55.618Z" },
    { url = "https://files.pythonhosted.org/packages/b5/cd/9cc4dc876fb065d5c220aae4d5e14826b2715331bb7618ce1fb07a679d99/numpy-2.4.6-cp313-cp313-win_amd64.whl", hash = "sha256:c4fc99836233ea196540b17ab0983aff60ed07941751930f5f4d05bc3b3b7359", size = 12318598, upload-time = "2026-05-18T23:34:58.928Z" },
    { url = "https://files.pythonhosted.org/packages/39/1e/c0bcba1f8694116485fe28fd1be698c278fcda4141c5b0e53a2aed8b12a8/numpy-2.4.6-cp313-cp313-win_arm64.whl", hash = "sha256:a7c711e21628b52034bb5ab8d1bce291f752fcc5e92accc615778acee1ff4778", size = 10222272, upload-time = "2026-05-18T23:35:02.167Z" },
    { url = "https://files.pythonhosted.org/packages/63/6d/cc5619247c8f4204e507f5883528372e4ac4bb189e579fb859a12e480b1f/numpy-2.4.6-cp313-cp313t-macosx_11_0_arm64.whl", hash = "sha256:112b06a867b235ef466ed3508ddf0238050df9c727cafb5301ac385b899189a1", size = 14821197, upload-time = "2026-05-18T23:35:05.468Z" },
    { url = "https://files.pythonhosted.org/packages/00/58/f1c39161c87d9e9bed660f1ed4bafc0e403d5ec9650b6dd77aead07d489b/numpy-2.4.6-cp313-cp313t-macosx_14_0_arm64.whl", hash = "sha256:eaf7fa2de5c0be8ae6ff8e9bea2ccd725e980541244521d8d4b5f3354a27babe", size = 5326287, upload-time = "2026-05-18T23:35:08.693Z" },
    { url = "https://files.pythonhosted.org/packages/af/57/3917ab0fd97f271a8694513581b8a36c655f111c446852c302f04ccdb6fc/numpy-2.4.6-cp313-cp313t-macosx_14_0_x86_64.whl", hash = "sha256:7265a2f3d436e54ef9f2b52b5c937e6be778781bd97a590319d7348f1c1ca997", size = 6646763, upload-time = "2026-05-18T23:35:11.459Z" },
    { url = "https://files.pythonhosted.org/packages/eb/0f/037e64c494b67581ae18193d770adef354c41f3f2c8ebf865602d949bf8f/numpy-2.4.6-cp313-cp313t-manylinux_2_27_aarch64.manylinux_2_28_aarch64.whl", hash = "sha256:f74a575920ab21fe304421a3fc28793d82e299cae9eccb37084e9fc7f3617c20", size = 15728070, upload-time = "2026-05-18T23:35:14.79Z" },
    { url = "https://files.pythonhosted.org/packages/21/a6/5d2bae9c9542eb4df16dc9c46dc79c186e9bad53805dfa5399a6023c6db0/numpy-2.4.6-cp313-cp313t-manylinux_2_27_x86_64.manylinux_2_28_x86_64.whl", hash = "sha256:ede83e07a75dd06bc501566c1eca2afc0d61677c1472ac9ad93fdee6e638a48d", size = 16681752, upload-time = "2026-05-18T23:35:18.836Z" },
    { url = "https://files.pythonhosted.org/packages/92/14/23d1dfb410ae362cd59ce53e936b1513d545eb40db3949ced632e19a459e/numpy-2.4.6-cp313-cp313t-musllinux_1_2_aarch64.whl", hash = "sha256:68bb27509ac1b9a3443094260f6326150663b06abe40b73a2f81160623da5b67", size = 17086024, upload-time = "2026-05-18T23:35:22.52Z" },
    { url = "https://files.pythonhosted.org/packages/4b/6e/23595a2c642cdf3bc567877064bdd7f91c8b0038a4453cf2daf7248eafe9/numpy-2.4.6-cp313-cp313t-musllinux_1_2_x86_64.whl", hash = "sha256:a0df0043bdb289bde1f62da130d20df23d58b45429f752bc7a8fc5325a225ecd", size = 18403398, upload-time = "2026-05-18T23:35:26.398Z" },
    { url = "https://files.pythonhosted.org/packages/8a/90/0ac3bc947217e66dec77e7cbc6a1979d1af70b6461b82f620d3bccd5e4c8/numpy-2.4.6-cp313-cp313t-win32.whl", hash = "sha256:29a287e0cf63ff528da061de6b9f64a4618da591ca1046aafc54062e40ca7eab", size = 6084971, upload-time = "2026-05-18T23:35:29.387Z" },
    { url = "https://files.pythonhosted.org/packages/77/71/5673e351671a1d2bd6063b91b44f70c0affea7d1516fa7a6572941ba4aa1/numpy-2.4.6-cp313-cp313t-win_amd64.whl", hash = "sha256:25c692919ac5a01f170a3bfcd62d745b24fd095c353d50812637d6fcab442e75", size = 12458532, upload-time = "2026-05-18T23:35:32.175Z" },
    { url = "https://files.pythonhosted.org/packages/3f/88/19d3503c5046e688f049274b27a3ef3d771152fa80d3ba3d01a3dff61abe/numpy-2.4.6-cp313-cp313t-win_arm64.whl", hash = "sha256:1e978ec1e8bd0e0e4de6bb75de9d30cbb74db6b6a2bb727618613703ca0167dd", size = 10291881, upload-time = "2026-05-18T23:35:35.465Z" },
]

[[package]]
name = "packaging"
version = "26.2"
source = { registry = "https://pypi.org/simple" }
sdist = { url = "https://files.pythonhosted.org/packages/d7/f1/e7a6dd94a8d4a5626c03e4e99c87f241ba9e350cd9e6d75123f992427270/packaging-26.2.tar.gz", hash = "sha256:ff452ff5a3e828ce110190feff1178bb1f2ea2281fa2075aadb987c2fb221661", size = 228134, upload-time = "2026-04-24T20:15:23.917Z" }
wheels = [
    { url = "https://files.pythonhosted.org/packages/df/b2/87e62e8c3e2f4b32e5fe99e0b86d576da1312593b39f47d8ceef365e95ed/packaging-26.2-py3-none-any.whl", hash = "sha256:5fc45236b9446107ff2415ce77c807cee2862cb6fac22b8a73826d0693b0980e", size = 100195, upload-time = "2026-04-24T20:15:22.081Z" },
]

[[package]]
name = "py-ubjson"
version = "0.16.1"
source = { registry = "https://pypi.org/simple" }
sdist = { url = "https://files.pythonhosted.org/packages/1d/c7/28220d37e041fe1df03e857fe48f768dcd30cd151480bf6f00da8713214a/py-ubjson-0.16.1.tar.gz", hash = "sha256:b9bfb8695a1c7e3632e800fb83c943bf67ed45ddd87cd0344851610c69a5a482", size = 50316, upload-time = "2020-04-18T15:05:57.698Z" }

[[package]]
name = "pyenet-vladfi"
version = "1.3.19"
source = { registry = "https://pypi.org/simple" }
sdist = { url = "https://files.pythonhosted.org/packages/d5/23/8d079b2e1bcc3f01ade02121e2acfbf0c50bb83ecfc26b173ffd04c4bc10/pyenet_vladfi-1.3.19.tar.gz", hash = "sha256:145363281509a48f3de77550db1f99cfa90baa63206e1174161e8e47a58c6647", size = 221932, upload-time = "2026-04-05T00:08:47.223Z" }
wheels = [
    { url = "https://files.pythonhosted.org/packages/1f/57/77933adbf298255af94b23a4673e721998de37a7505da38c31b3e4774b06/pyenet_vladfi-1.3.19-cp312-cp312-macosx_11_0_arm64.whl", hash = "sha256:e0b8701e28c7b2a22275343db0c710afb6ff86a816fd2cc51fdca99599a22b60", size = 89401, upload-time = "2026-04-05T00:08:18.779Z" },
    { url = "https://files.pythonhosted.org/packages/4b/7b/1eb8bf151f537eba88d0936bb4e616be78aa066c912a9dda7df608ce5e9d/pyenet_vladfi-1.3.19-cp312-cp312-manylinux_2_17_aarch64.manylinux2014_aarch64.whl", hash = "sha256:cc7380ff2c235d90a2d8a1dbc36a6ca362dbd2d03f608ad0470433157ec6bf3e", size = 512733, upload-time = "2026-04-05T00:08:19.869Z" },
    { url = "https://files.pythonhosted.org/packages/95/02/6da318e4860593fb6535c3cd89158cad428a0d2f4129f8b77c6fff8b53de/pyenet_vladfi-1.3.19-cp312-cp312-manylinux_2_17_x86_64.manylinux2014_x86_64.whl", hash = "sha256:153aa579caee315f3a01ef97541efe23460950d3cf10ba4e38720bcdf18e8e26", size = 514663, upload-time = "2026-04-05T00:08:21.413Z" },
    { url = "https://files.pythonhosted.org/packages/45/ad/2252fe9a970a3c36af50dbdddf00c4d670927dd69a12cb8e8196fabe006c/pyenet_vladfi-1.3.19-cp312-cp312-musllinux_1_2_aarch64.whl", hash = "sha256:de686dc8d343f0b70cd3b1b416d653f352faa9e425443e9058f5edc7831eab28", size = 478543, upload-time = "2026-04-05T00:08:23.324Z" },
    { url = "https://files.pythonhosted.org/packages/07/56/891eaa92fa78bdc0a8453510454347fc64d114b55fff4c5c9b29d49d17d5/pyenet_vladfi-1.3.19-cp312-cp312-musllinux_1_2_x86_64.whl", hash = "sha256:78d0e2181f027da1b2315c45ba76c85ee00b161ba59b58ba2a0d010e14e5b300", size = 482708, upload-time = "2026-04-05T00:08:24.554Z" },
    { url = "https://files.pythonhosted.org/packages/b3/a8/7932dba9d4766f39cf35bf1c60d3346248d570d316c53e9587c754aa550f/pyenet_vladfi-1.3.19-cp312-cp312-win32.whl", hash = "sha256:bbc10e1a8ea58bdd6b6f679fe6ec2874e78e6e3e8b33043ed32d59fb31d241ad", size = 62770, upload-time = "2026-04-05T00:08:25.765Z" },
    { url = "https://files.pythonhosted.org/packages/80/33/ca185da4a39b6823e068721d33decda740099e9c1159c52dead0fa1a38bf/pyenet_vladfi-1.3.19-cp312-cp312-win_amd64.whl", hash = "sha256:e3cbbe158ae9def080c2e04ad049dc8eae66a308ae72544ccc6834d86c9b7035", size = 75612, upload-time = "2026-04-05T00:08:26.864Z" },
    { url = "https://files.pythonhosted.org/packages/8f/74/6a669e5dd148a8dbc659bc49e38cb000f0d393fe923379cfb054fa566769/pyenet_vladfi-1.3.19-cp313-cp313-macosx_11_0_arm64.whl", hash = "sha256:a59f41fd1c39385d606a8adab9f519a13ccefc15a0092cf0ae7d53da899845fe", size = 88647, upload-time = "2026-04-05T00:08:28.286Z" },
    { url = "https://files.pythonhosted.org/packages/22/31/08831259ff55f12d54b47fc24cb2740c5435a4be18291292db8893136384/pyenet_vladfi-1.3.19-cp313-cp313-manylinux_2_17_aarch64.manylinux2014_aarch64.whl", hash = "sha256:bd2d9864f61e8aa7dcaa60d9de53bb2e1c57ce69f17b18e461cf53576bd5b5c7", size = 501852, upload-time = "2026-04-05T00:08:29.645Z" },
    { url = "https://files.pythonhosted.org/packages/75/51/00aa142c0df893d84b8e4444676daf7b8c9e31905aea5209d947964a8c1c/pyenet_vladfi-1.3.19-cp313-cp313-manylinux_2_17_x86_64.manylinux2014_x86_64.whl", hash = "sha256:2f5b6d4aa3931280354158bb54eb32965ad2ae923d546615a1398e0113640a14", size = 505513, upload-time = "2026-04-05T00:08:31.273Z" },
    { url = "https://files.pythonhosted.org/packages/7d/4f/9141c32fe02d78aa71ad6207830bdbecab72d8d6edf2177434e82b685070/pyenet_vladfi-1.3.19-cp313-cp313-musllinux_1_2_aarch64.whl", hash = "sha256:e90967ac921540825a53877d2c863f911e7fcd5414b1c96a6683c0547808972e", size = 474617, upload-time = "2026-04-05T00:08:32.572Z" },
    { url = "https://files.pythonhosted.org/packages/4f/ef/ff77dfe4bb999d1905b320568539ff16905d6f1c7ff446e29e8169cd3035/pyenet_vladfi-1.3.19-cp313-cp313-musllinux_1_2_x86_64.whl", hash = "sha256:b24d38644deb5d6e27394c3ad4ecbf9952a4ee32a93cfda360c08e6fc23817d1", size = 477906, upload-time = "2026-04-05T00:08:33.871Z" },
    { url = "https://files.pythonhosted.org/packages/5c/03/58229cfab278a8bbd8fd8e69c40593a4da420000229f88f02027d2249176/pyenet_vladfi-1.3.19-cp313-cp313-win32.whl", hash = "sha256:9746a02c33dd1a068a4b4d60a39c8c50c4acd707bad26bd22d6ca21088c6de41", size = 62419, upload-time = "2026-04-05T00:08:35.269Z" },
    { url = "https://files.pythonhosted.org/packages/2c/8c/7d514a8c22886785e57706af66b59d4355a3f05d5a1708dfde147ea54859/pyenet_vladfi-1.3.19-cp313-cp313-win_amd64.whl", hash = "sha256:a62a2b2f01e63e927ce1cde8b3056655062cb315f179408c92c1d88f0bacadc3", size = 74913, upload-time = "2026-04-05T00:08:36.612Z" },
]

[[package]]
name = "pygame"
version = "2.6.1"
source = { registry = "https://pypi.org/simple" }
sdist = { url = "https://files.pythonhosted.org/packages/49/cc/08bba60f00541f62aaa252ce0cfbd60aebd04616c0b9574f755b583e45ae/pygame-2.6.1.tar.gz", hash = "sha256:56fb02ead529cee00d415c3e007f75e0780c655909aaa8e8bf616ee09c9feb1f", size = 14808125, upload-time = "2024-09-29T13:41:34.698Z" }
wheels = [
    { url = "https://files.pythonhosted.org/packages/92/16/2c602c332f45ff9526d61f6bd764db5096ff9035433e2172e2d2cadae8db/pygame-2.6.1-cp312-cp312-macosx_10_9_x86_64.whl", hash = "sha256:4ee7f2771f588c966fa2fa8b829be26698c9b4836f82ede5e4edc1a68594942e", size = 13118279, upload-time = "2024-09-29T14:26:30.427Z" },
    { url = "https://files.pythonhosted.org/packages/cd/53/77ccbc384b251c6e34bfd2e734c638233922449a7844e3c7a11ef91cee39/pygame-2.6.1-cp312-cp312-macosx_11_0_arm64.whl", hash = "sha256:c8040ea2ab18c6b255af706ec01355c8a6b08dc48d77fd4ee783f8fc46a843bf", size = 12384524, upload-time = "2024-09-29T14:26:49.996Z" },
    { url = "https://files.pythonhosted.org/packages/06/be/3ed337583f010696c3b3435e89a74fb29d0c74d0931e8f33c0a4246307a9/pygame-2.6.1-cp312-cp312-manylinux_2_17_aarch64.manylinux2014_aarch64.whl", hash = "sha256:c47a6938de93fa610accd4969e638c2aebcb29b2fca518a84c3a39d91ab47116", size = 13587123, upload-time = "2024-09-29T11:10:50.072Z" },
    { url = "https://files.pythonhosted.org/packages/fd/ca/b015586a450db59313535662991b34d24c1f0c0dc149cc5f496573900f4e/pygame-2.6.1-cp312-cp312-manylinux_2_17_i686.manylinux2014_i686.whl", hash = "sha256:33006f784e1c7d7e466fcb61d5489da59cc5f7eb098712f792a225df1d4e229d", size = 14275532, upload-time = "2024-09-29T11:39:59.356Z" },
    { url = "https://files.pythonhosted.org/packages/b9/f2/d31e6ad42d657af07be2ffd779190353f759a07b51232b9e1d724f2cda46/pygame-2.6.1-cp312-cp312-manylinux_2_17_x86_64.manylinux2014_x86_64.whl", hash = "sha256:1206125f14cae22c44565c9d333607f1d9f59487b1f1432945dfc809aeaa3e88", size = 13952653, upload-time = "2024-09-29T11:40:01.781Z" },
    { url = "https://files.pythonhosted.org/packages/f3/42/8ea2a6979e6fa971702fece1747e862e2256d4a8558fe0da6364dd946c53/pygame-2.6.1-cp312-cp312-win32.whl", hash = "sha256:84fc4054e25262140d09d39e094f6880d730199710829902f0d8ceae0213379e", size = 10252421, upload-time = "2024-09-29T11:14:26.877Z" },
    { url = "https://files.pythonhosted.org/packages/5f/90/7d766d54bb95939725e9a9361f9c06b0cfbe3fe100aa35400f0a461a278a/pygame-2.6.1-cp312-cp312-win_amd64.whl", hash = "sha256:3a9e7396be0d9633831c3f8d5d82dd63ba373ad65599628294b7a4f8a5a01a65", size = 10624591, upload-time = "2024-09-29T11:52:54.489Z" },
    { url = "https://files.pythonhosted.org/packages/e1/91/718acf3e2a9d08a6ddcc96bd02a6f63c99ee7ba14afeaff2a51c987df0b9/pygame-2.6.1-cp313-cp313-macosx_10_13_x86_64.whl", hash = "sha256:ae6039f3a55d800db80e8010f387557b528d34d534435e0871326804df2a62f2", size = 13090765, upload-time = "2024-09-29T14:27:02.377Z" },
    { url = "https://files.pythonhosted.org/packages/0e/c6/9cb315de851a7682d9c7568a41ea042ee98d668cb8deadc1dafcab6116f0/pygame-2.6.1-cp313-cp313-macosx_11_0_arm64.whl", hash = "sha256:2a3a1288e2e9b1e5834e425bedd5ba01a3cd4902b5c2bff8ed4a740ccfe98171", size = 12381704, upload-time = "2024-09-29T14:27:10.228Z" },
    { url = "https://files.pythonhosted.org/packages/9f/8f/617a1196e31ae3b46be6949fbaa95b8c93ce15e0544266198c2266cc1b4d/pygame-2.6.1-cp313-cp313-manylinux_2_17_aarch64.manylinux2014_aarch64.whl", hash = "sha256:27eb17e3dc9640e4b4683074f1890e2e879827447770470c2aba9f125f74510b", size = 13581091, upload-time = "2024-09-29T11:30:27.653Z" },
    { url = "https://files.pythonhosted.org/packages/3b/87/2851a564e40a2dad353f1c6e143465d445dab18a95281f9ea458b94f3608/pygame-2.6.1-cp313-cp313-manylinux_2_17_i686.manylinux2014_i686.whl", hash = "sha256:4c1623180e70a03c4a734deb9bac50fc9c82942ae84a3a220779062128e75f3b", size = 14273844, upload-time = "2024-09-29T11:40:04.138Z" },
    { url = "https://files.pythonhosted.org/packages/85/b5/aa23aa2e70bcba42c989c02e7228273c30f3b44b9b264abb93eaeff43ad7/pygame-2.6.1-cp313-cp313-manylinux_2_17_x86_64.manylinux2014_x86_64.whl", hash = "sha256:ef07c0103d79492c21fced9ad68c11c32efa6801ca1920ebfd0f15fb46c78b1c", size = 13951197, upload-time = "2024-09-29T11:40:06.785Z" },
    { url = "https://files.pythonhosted.org/packages/a6/06/29e939b34d3f1354738c7d201c51c250ad7abefefaf6f8332d962ff67c4b/pygame-2.6.1-cp313-cp313-win32.whl", hash = "sha256:3acd8c009317190c2bfd81db681ecef47d5eb108c2151d09596d9c7ea9df5c0e", size = 10249309, upload-time = "2024-09-29T11:10:23.329Z" },
    { url = "https://files.pythonhosted.org/packages/7e/11/17f7f319ca91824b86557e9303e3b7a71991ef17fd45286bf47d7f0a38e6/pygame-2.6.1-cp313-cp313-win_amd64.whl", hash = "sha256:813af4fba5d0b2cb8e58f5d95f7910295c34067dcc290d34f1be59c48bd1ea6a", size = 10620084, upload-time = "2024-09-29T11:48:51.587Z" },
]

[[package]]
name = "pywin32"
version = "311"
source = { registry = "https://pypi.org/simple" }
wheels = [
    { url = "https://files.pythonhosted.org/packages/e7/ab/01ea1943d4eba0f850c3c61e78e8dd59757ff815ff3ccd0a84de5f541f42/pywin32-311-cp312-cp312-win32.whl", hash = "sha256:750ec6e621af2b948540032557b10a2d43b0cee2ae9758c54154d711cc852d31", size = 8706543, upload-time = "2025-07-14T20:13:20.765Z" },
    { url = "https://files.pythonhosted.org/packages/d1/a8/a0e8d07d4d051ec7502cd58b291ec98dcc0c3fff027caad0470b72cfcc2f/pywin32-311-cp312-cp312-win_amd64.whl", hash = "sha256:b8c095edad5c211ff31c05223658e71bf7116daa0ecf3ad85f3201ea3190d067", size = 9495040, upload-time = "2025-07-14T20:13:22.543Z" },
    { url = "https://files.pythonhosted.org/packages/ba/3a/2ae996277b4b50f17d61f0603efd8253cb2d79cc7ae159468007b586396d/pywin32-311-cp312-cp312-win_arm64.whl", hash = "sha256:e286f46a9a39c4a18b319c28f59b61de793654af2f395c102b4f819e584b5852", size = 8710102, upload-time = "2025-07-14T20:13:24.682Z" },
    { url = "https://files.pythonhosted.org/packages/a5/be/3fd5de0979fcb3994bfee0d65ed8ca9506a8a1260651b86174f6a86f52b3/pywin32-311-cp313-cp313-win32.whl", hash = "sha256:f95ba5a847cba10dd8c4d8fefa9f2a6cf283b8b88ed6178fa8a6c1ab16054d0d", size = 8705700, upload-time = "2025-07-14T20:13:26.471Z" },
    { url = "https://files.pythonhosted.org/packages/e3/28/e0a1909523c6890208295a29e05c2adb2126364e289826c0a8bc7297bd5c/pywin32-311-cp313-cp313-win_amd64.whl", hash = "sha256:718a38f7e5b058e76aee1c56ddd06908116d35147e133427e59a3983f703a20d", size = 9494700, upload-time = "2025-07-14T20:13:28.243Z" },
    { url = "https://files.pythonhosted.org/packages/04/bf/90339ac0f55726dce7d794e6d79a18a91265bdf3aa70b6b9ca52f35e022a/pywin32-311-cp313-cp313-win_arm64.whl", hash = "sha256:7b4075d959648406202d92a2310cb990fea19b535c7f4a78d3f5e10b926eeb8a", size = 8709318, upload-time = "2025-07-14T20:13:30.348Z" },
]

[[package]]
name = "pyyaml"
version = "6.0.3"
source = { registry = "https://pypi.org/simple" }
sdist = { url = "https://files.pythonhosted.org/packages/05/8e/961c0007c59b8dd7729d542c61a4d537767a59645b82a0b521206e1e25c2/pyyaml-6.0.3.tar.gz", hash = "sha256:d76623373421df22fb4cf8817020cbb7ef15c725b9d5e45f17e189bfc384190f", size = 130960, upload-time = "2025-09-25T21:33:16.546Z" }
wheels = [
    { url = "https://files.pythonhosted.org/packages/d1/33/422b98d2195232ca1826284a76852ad5a86fe23e31b009c9886b2d0fb8b2/pyyaml-6.0.3-cp312-cp312-macosx_10_13_x86_64.whl", hash = "sha256:7f047e29dcae44602496db43be01ad42fc6f1cc0d8cd6c83d342306c32270196", size = 182063, upload-time = "2025-09-25T21:32:11.445Z" },
    { url = "https://files.pythonhosted.org/packages/89/a0/6cf41a19a1f2f3feab0e9c0b74134aa2ce6849093d5517a0c550fe37a648/pyyaml-6.0.3-cp312-cp312-macosx_11_0_arm64.whl", hash = "sha256:fc09d0aa354569bc501d4e787133afc08552722d3ab34836a80547331bb5d4a0", size = 173973, upload-time = "2025-09-25T21:32:12.492Z" },
    { url = "https://files.pythonhosted.org/packages/ed/23/7a778b6bd0b9a8039df8b1b1d80e2e2ad78aa04171592c8a5c43a56a6af4/pyyaml-6.0.3-cp312-cp312-manylinux2014_aarch64.manylinux_2_17_aarch64.manylinux_2_28_aarch64.whl", hash = "sha256:9149cad251584d5fb4981be1ecde53a1ca46c891a79788c0df828d2f166bda28", size = 775116, upload-time = "2025-09-25T21:32:13.652Z" },
    { url = "https://files.pythonhosted.org/packages/65/30/d7353c338e12baef4ecc1b09e877c1970bd3382789c159b4f89d6a70dc09/pyyaml-6.0.3-cp312-cp312-manylinux2014_s390x.manylinux_2_17_s390x.manylinux_2_28_s390x.whl", hash = "sha256:5fdec68f91a0c6739b380c83b951e2c72ac0197ace422360e6d5a959d8d97b2c", size = 844011, upload-time = "2025-09-25T21:32:15.21Z" },
    { url = "https://files.pythonhosted.org/packages/8b/9d/b3589d3877982d4f2329302ef98a8026e7f4443c765c46cfecc8858c6b4b/pyyaml-6.0.3-cp312-cp312-manylinux2014_x86_64.manylinux_2_17_x86_64.manylinux_2_28_x86_64.whl", hash = "sha256:ba1cc08a7ccde2d2ec775841541641e4548226580ab850948cbfda66a1befcdc", size = 807870, upload-time = "2025-09-25T21:32:16.431Z" },
    { url = "https://files.pythonhosted.org/packages/05/c0/b3be26a015601b822b97d9149ff8cb5ead58c66f981e04fedf4e762f4bd4/pyyaml-6.0.3-cp312-cp312-musllinux_1_2_aarch64.whl", hash = "sha256:8dc52c23056b9ddd46818a57b78404882310fb473d63f17b07d5c40421e47f8e", size = 761089, upload-time = "2025-09-25T21:32:17.56Z" },
    { url = "https://files.pythonhosted.org/packages/be/8e/98435a21d1d4b46590d5459a22d88128103f8da4c2d4cb8f14f2a96504e1/pyyaml-6.0.3-cp312-cp312-musllinux_1_2_x86_64.whl", hash = "sha256:41715c910c881bc081f1e8872880d3c650acf13dfa8214bad49ed4cede7c34ea", size = 790181, upload-time = "2025-09-25T21:32:18.834Z" },
    { url = "https://files.pythonhosted.org/packages/74/93/7baea19427dcfbe1e5a372d81473250b379f04b1bd3c4c5ff825e2327202/pyyaml-6.0.3-cp312-cp312-win32.whl", hash = "sha256:96b533f0e99f6579b3d4d4995707cf36df9100d67e0c8303a0c55b27b5f99bc5", size = 137658, upload-time = "2025-09-25T21:32:20.209Z" },
    { url = "https://files.pythonhosted.org/packages/86/bf/899e81e4cce32febab4fb42bb97dcdf66bc135272882d1987881a4b519e9/pyyaml-6.0.3-cp312-cp312-win_amd64.whl", hash = "sha256:5fcd34e47f6e0b794d17de1b4ff496c00986e1c83f7ab2fb8fcfe9616ff7477b", size = 154003, upload-time = "2025-09-25T21:32:21.167Z" },
    { url = "https://files.pythonhosted.org/packages/1a/08/67bd04656199bbb51dbed1439b7f27601dfb576fb864099c7ef0c3e55531/pyyaml-6.0.3-cp312-cp312-win_arm64.whl", hash = "sha256:64386e5e707d03a7e172c0701abfb7e10f0fb753ee1d773128192742712a98fd", size = 140344, upload-time = "2025-09-25T21:32:22.617Z" },
    { url = "https://files.pythonhosted.org/packages/d1/11/0fd08f8192109f7169db964b5707a2f1e8b745d4e239b784a5a1dd80d1db/pyyaml-6.0.3-cp313-cp313-macosx_10_13_x86_64.whl", hash = "sha256:8da9669d359f02c0b91ccc01cac4a67f16afec0dac22c2ad09f46bee0697eba8", size = 181669, upload-time = "2025-09-25T21:32:23.673Z" },
    { url = "https://files.pythonhosted.org/packages/b1/16/95309993f1d3748cd644e02e38b75d50cbc0d9561d21f390a76242ce073f/pyyaml-6.0.3-cp313-cp313-macosx_11_0_arm64.whl", hash = "sha256:2283a07e2c21a2aa78d9c4442724ec1eb15f5e42a723b99cb3d822d48f5f7ad1", size = 173252, upload-time = "2025-09-25T21:32:25.149Z" },
    { url = "https://files.pythonhosted.org/packages/50/31/b20f376d3f810b9b2371e72ef5adb33879b25edb7a6d072cb7ca0c486398/pyyaml-6.0.3-cp313-cp313-manylinux2014_aarch64.manylinux_2_17_aarch64.manylinux_2_28_aarch64.whl", hash = "sha256:ee2922902c45ae8ccada2c5b501ab86c36525b883eff4255313a253a3160861c", size = 767081, upload-time = "2025-09-25T21:32:26.575Z" },
    { url = "https://files.pythonhosted.org/packages/49/1e/a55ca81e949270d5d4432fbbd19dfea5321eda7c41a849d443dc92fd1ff7/pyyaml-6.0.3-cp313-cp313-manylinux2014_s390x.manylinux_2_17_s390x.manylinux_2_28_s390x.whl", hash = "sha256:a33284e20b78bd4a18c8c2282d549d10bc8408a2a7ff57653c0cf0b9be0afce5", size = 841159, upload-time = "2025-09-25T21:32:27.727Z" },
    { url = "https://files.pythonhosted.org/packages/74/27/e5b8f34d02d9995b80abcef563ea1f8b56d20134d8f4e5e81733b1feceb2/pyyaml-6.0.3-cp313-cp313-manylinux2014_x86_64.manylinux_2_17_x86_64.manylinux_2_28_x86_64.whl", hash = "sha256:0f29edc409a6392443abf94b9cf89ce99889a1dd5376d94316ae5145dfedd5d6", size = 801626, upload-time = "2025-09-25T21:32:28.878Z" },
    { url = "https://files.pythonhosted.org/packages/f9/11/ba845c23988798f40e52ba45f34849aa8a1f2d4af4b798588010792ebad6/pyyaml-6.0.3-cp313-cp313-musllinux_1_2_aarch64.whl", hash = "sha256:f7057c9a337546edc7973c0d3ba84ddcdf0daa14533c2065749c9075001090e6", size = 753613, upload-time = "2025-09-25T21:32:30.178Z" },
    { url = "https://files.pythonhosted.org/packages/3d/e0/7966e1a7bfc0a45bf0a7fb6b98ea03fc9b8d84fa7f2229e9659680b69ee3/pyyaml-6.0.3-cp313-cp313-musllinux_1_2_x86_64.whl", hash = "sha256:eda16858a3cab07b80edaf74336ece1f986ba330fdb8ee0d6c0d68fe82bc96be", size = 794115, upload-time = "2025-09-25T21:32:31.353Z" },
    { url = "https://files.pythonhosted.org/packages/de/94/980b50a6531b3019e45ddeada0626d45fa85cbe22300844a7983285bed3b/pyyaml-6.0.3-cp313-cp313-win32.whl", hash = "sha256:d0eae10f8159e8fdad514efdc92d74fd8d682c933a6dd088030f3834bc8e6b26", size = 137427, upload-time = "2025-09-25T21:32:32.58Z" },
    { url = "https://files.pythonhosted.org/packages/97/c9/39d5b874e8b28845e4ec2202b5da735d0199dbe5b8fb85f91398814a9a46/pyyaml-6.0.3-cp313-cp313-win_amd64.whl", hash = "sha256:79005a0d97d5ddabfeeea4cf676af11e647e41d81c9a7722a193022accdb6b7c", size = 154090, upload-time = "2025-09-25T21:32:33.659Z" },
    { url = "https://files.pythonhosted.org/packages/73/e8/2bdf3ca2090f68bb3d75b44da7bbc71843b19c9f2b9cb9b0f4ab7a5a4329/pyyaml-6.0.3-cp313-cp313-win_arm64.whl", hash = "sha256:5498cd1645aa724a7c71c8f378eb29ebe23da2fc0d7a08071d89469bf1d2defb", size = 140246, upload-time = "2025-09-25T21:32:34.663Z" },
]
